
Microsoft Visual Studio Solution File, Format Version 12.00
# Visual Studio 15
Project("{FAE04EC0-301F-11D3-BF4B-00C04F79EFBC}") = "HelPall", "HelPall\HelPall.csproj", "{D2085A96-5BBE-42E7-9040-5F31BCA73383}"
EndProject
Global
	GlobalSection(SolutionConfigurationPlatforms) = preSolution
		Debug|Any CPU = Debug|Any CPU
		Release|Any CPU = Release|Any CPU
	EndGlobalSection
	GlobalSection(ProjectConfigurationPlatforms) = postSolution
		{D2085A96-5BBE-42E7-9040-5F31BCA73383}.Debug|Any CPU.ActiveCfg = Debug|Any CPU
		{D2085A96-5BBE-42E7-9040-5F31BCA73383}.Debug|Any CPU.Build.0 = Debug|Any CPU
		{D2085A96-5BBE-42E7-9040-5F31BCA73383}.Release|Any CPU.ActiveCfg = Release|Any CPU
		{D2085A96-5BBE-42E7-9040-5F31BCA73383}.Release|Any CPU.Build.0 = Release|Any CPU
	EndGlobalSection
EndGlobal
